
Microsoft Visual Studio Solution File, Format Version 12.00
# Visual Studio Version 17
VisualStudioVersion = 17.8.34525.116
MinimumVisualStudioVersion = 10.0.40219.1
Project("{FAE04EC0-301F-11D3-BF4B-00C04F79EFBC}") = "ResourceShortageUI", "ResourceShortageUI\ResourceShortageUI.csproj", "{C2122749-9DB4-4BBD-AC55-A2AD26C00EB5}"
EndProject
Global
	GlobalSection(SolutionConfigurationPlatforms) = preSolution
		Debug|Any CPU = Debug|Any CPU
		Release|Any CPU = Release|Any CPU
	EndGlobalSection
	GlobalSection(ProjectConfigurationPlatforms) = postSolution
		{C2122749-9DB4-4BBD-AC55-A2AD26C00EB5}.Debug|Any CPU.ActiveCfg = Debug|Any CPU
		{C2122749-9DB4-4BBD-AC55-A2AD26C00EB5}.Debug|Any CPU.Build.0 = Debug|Any CPU
		{C2122749-9DB4-4BBD-AC55-A2AD26C00EB5}.Release|Any CPU.ActiveCfg = Release|Any CPU
		{C2122749-9DB4-4BBD-AC55-A2AD26C00EB5}.Release|Any CPU.Build.0 = Release|Any CPU
	EndGlobalSection
	GlobalSection(SolutionProperties) = preSolution
		HideSolutionNode = FALSE
	EndGlobalSection
	GlobalSection(ExtensibilityGlobals) = postSolution
		SolutionGuid = {0CC36C19-9D45-4F67-BD43-A7A4DA4D1B8D}
	EndGlobalSection
EndGlobal
